// !$*UTF8*$!
{
	archiveVersion = 1;
	classes = {
	};
	objectVersion = 55;
	objects = {

/* Begin PBXBuildFile section */
		3F6C8EAC27CAA8010078E4BC /* AppDelegate.swift in Sources */ = {isa = PBXBuildFile; fileRef = 3F6C8EAB27CAA8010078E4BC /* AppDelegate.swift */; };
		3F6C8EAE27CAA8010078E4BC /* SceneDelegate.swift in Sources */ = {isa = PBXBuildFile; fileRef = 3F6C8EAD27CAA8010078E4BC /* SceneDelegate.swift */; };
		3F6C8EB027CAA8010078E4BC /* ViewController.swift in Sources */ = {isa = PBXBuildFile; fileRef = 3F6C8EAF27CAA8010078E4BC /* ViewController.swift */; };
		3F6C8EB327CAA8010078E4BC /* Main.storyboard in Resources */ = {isa = PBXBuildFile; fileRef = 3F6C8EB127CAA8010078E4BC /* Main.storyboard */; };
		3F6C8EB527CAA8020078E4BC /* Assets.xcassets in Resources */ = {isa = PBXBuildFile; fileRef = 3F6C8EB427CAA8020078E4BC /* Assets.xcassets */; };
		3F6C8EB827CAA8020078E4BC /* LaunchScreen.storyboard in Resources */ = {isa = PBXBuildFile; fileRef = 3F6C8EB627CAA8020078E4BC /* LaunchScreen.storyboard */; };
		3F6C8EC327CAA8020078E4BC /* Manyam_SearchAppTests.swift in Sources */ = {isa = PBXBuildFile; fileRef = 3F6C8EC227CAA8020078E4BC /* Manyam_SearchAppTests.swift */; };
		3F6C8ECD27CAA8020078E4BC /* Manyam_SearchAppUITests.swift in Sources */ = {isa = PBXBuildFile; fileRef = 3F6C8ECC27CAA8020078E4BC /* Manyam_SearchAppUITests.swift */; };
		3F6C8ECF27CAA8020078E4BC /* Manyam_SearchAppUITestsLaunchTests.swift in Sources */ = {isa = PBXBuildFile; fileRef = 3F6C8ECE27CAA8020078E4BC /* Manyam_SearchAppUITestsLaunchTests.swift */; };
/* End PBXBuildFile section */

/* Begin PBXContainerItemProxy section */
		3F6C8EBF27CAA8020078E4BC /* PBXContainerItemProxy */ = {
			isa = PBXContainerItemProxy;
			containerPortal = 3F6C8EA027CAA8010078E4BC /* Project object */;
			proxyType = 1;
			remoteGlobalIDString = 3F6C8EA727CAA8010078E4BC;
			remoteInfo = Manyam_SearchApp;
		};
		3F6C8EC927CAA8020078E4BC /* PBXContainerItemProxy */ = {
			isa = PBXContainerItemProxy;
			containerPortal = 3F6C8EA027CAA8010078E4BC /* Project object */;
			proxyType = 1;
			remoteGlobalIDString = 3F6C8EA727CAA8010078E4BC;
			remoteInfo = Manyam_SearchApp;
		};
/* End PBXContainerItemProxy section */

/* Begin PBXFileReference section */
		3F6C8EA827CAA8010078E4BC /* Manyam_SearchApp.app */ = {isa = PBXFileReference; explicitFileType = wrapper.application; includeInIndex = 0; path = Manyam_SearchApp.app; sourceTree = BUILT_PRODUCTS_DIR; };
		3F6C8EAB27CAA8010078E4BC /* AppDelegate.swift */ = {isa = PBXFileReference; lastKnownFileType = sourcecode.swift; path = AppDelegate.swift; sourceTree = "<group>"; };
		3F6C8EAD27CAA8010078E4BC /* SceneDelegate.swift */ = {isa = PBXFileReference; lastKnownFileType = sourcecode.swift; path = SceneDelegate.swift; sourceTree = "<group>"; };
		3F6C8EAF27CAA8010078E4BC /* ViewController.swift */ = {isa = PBXFileReference; lastKnownFileType = sourcecode.swift; path = ViewController.swift; sourceTree = "<group>"; };
		3F6C8EB227CAA8010078E4BC /* Base */ = {isa = PBXFileReference; lastKnownFileType = file.storyboard; name = Base; path = Base.lproj/Main.storyboard; sourceTree = "<group>"; };
		3F6C8EB427CAA8020078E4BC /* Assets.xcassets */ = {isa = PBXFileReference; lastKnownFileType = folder.assetcatalog; path = Assets.xcassets; sourceTree = "<group>"; };
		3F6C8EB727CAA8020078E4BC /* Base */ = {isa = PBXFileReference; lastKnownFileType = file.storyboard; name = Base; path = Base.lproj/LaunchScreen.storyboard; sourceTree = "<group>"; };
		3F6C8EB927CAA8020078E4BC /* Info.plist */ = {isa = PBXFileReference; lastKnownFileType = text.plist.xml; path = Info.plist; sourceTree = "<group>"; };
		3F6C8EBE27CAA8020078E4BC /* Manyam_SearchAppTests.xctest */ = {isa = PBXFileReference; explicitFileType = wrapper.cfbundle; includeInIndex = 0; path = Manyam_SearchAppTests.xctest; sourceTree = BUILT_PRODUCTS_DIR; };
		3F6C8EC227CAA8020078E4BC /* Manyam_SearchAppTests.swift */ = {isa = PBXFileReference; lastKnownFileType = sourcecode.swift; path = Manyam_SearchAppTests.swift; sourceTree = "<group>"; };
		3F6C8EC827CAA8020078E4BC /* Manyam_SearchAppUITests.xctest */ = {isa = PBXFileReference; explicitFileType = wrapper.cfbundle; includeInIndex = 0; path = Manyam_SearchAppUITests.xctest; sourceTree = BUILT_PRODUCTS_DIR; };
		3F6C8ECC27CAA8020078E4BC /* Manyam_SearchAppUITests.swift */ = {isa = PBXFileReference; lastKnownFileType = sourcecode.swift; path = Manyam_SearchAppUITests.swift; sourceTree = "<group>"; };
		3F6C8ECE27CAA8020078E4BC /* Manyam_SearchAppUITestsLaunchTests.swift */ = {isa = PBXFileReference; lastKnownFileType = sourcecode.swift; path = Manyam_SearchAppUITestsLaunchTests.swift; sourceTree = "<group>"; };
/* End PBXFileReference section */

/* Begin PBXFrameworksBuildPhase section */
		3F6C8EA527CAA8010078E4BC /* Frameworks */ = {
			isa = PBXFrameworksBuildPhase;
			buildActionMask = 2147483647;
			files = (
			);
			runOnlyForDeploymentPostprocessing = 0;
		};
		3F6C8EBB27CAA8020078E4BC /* Frameworks */ = {
			isa = PBXFrameworksBuildPhase;
			buildActionMask = 2147483647;
			files = (
			);
			runOnlyForDeploymentPostprocessing = 0;
		};
		3F6C8EC527CAA8020078E4BC /* Frameworks */ = {
			isa = PBXFrameworksBuildPhase;
			buildActionMask = 2147483647;
			files = (
			);
			runOnlyForDeploymentPostprocessing = 0;
		};
/* End PBXFrameworksBuildPhase section */

/* Begin PBXGroup section */
		3F6C8E9F27CAA8010078E4BC = {
			isa = PBXGroup;
			children = (
				3F6C8EAA27CAA8010078E4BC /* Manyam_SearchApp */,
				3F6C8EC127CAA8020078E4BC /* Manyam_SearchAppTests */,
				3F6C8ECB27CAA8020078E4BC /* Manyam_SearchAppUITests */,
				3F6C8EA927CAA8010078E4BC /* Products */,
			);
			sourceTree = "<group>";
		};
		3F6C8EA927CAA8010078E4BC /* Products */ = {
			isa = PBXGroup;
			children = (
				3F6C8EA827CAA8010078E4BC /* Manyam_SearchApp.app */,
				3F6C8EBE27CAA8020078E4BC /* Manyam_SearchAppTests.xctest */,
				3F6C8EC827CAA8020078E4BC /* Manyam_SearchAppUITests.xctest */,
			);
			name = Products;
			sourceTree = "<group>";
		};
		3F6C8EAA27CAA8010078E4BC /* Manyam_SearchApp */ = {
			isa = PBXGroup;
			children = (
				3F6C8EAB27CAA8010078E4BC /* AppDelegate.swift */,
				3F6C8EAD27CAA8010078E4BC /* SceneDelegate.swift */,
				3F6C8EAF27CAA8010078E4BC /* ViewController.swift */,
				3F6C8EB127CAA8010078E4BC /* Main.storyboard */,
				3F6C8EB427CAA8020078E4BC /* Assets.xcassets */,
				3F6C8EB627CAA8020078E4BC /* LaunchScreen.storyboard */,
				3F6C8EB927CAA8020078E4BC /* Info.plist */,
			);
			path = Manyam_SearchApp;
			sourceTree = "<group>";
		};
		3F6C8EC127CAA8020078E4BC /* Manyam_SearchAppTests */ = {
			isa = PBXGroup;
			children = (
				3F6C8EC227CAA8020078E4BC /* Manyam_SearchAppTests.swift */,
			);
			path = Manyam_SearchAppTests;
			sourceTree = "<group>";
		};
		3F6C8ECB27CAA8020078E4BC /* Manyam_SearchAppUITests */ = {
			isa = PBXGroup;
			children = (
				3F6C8ECC27CAA8020078E4BC /* Manyam_SearchAppUITests.swift */,
				3F6C8ECE27CAA8020078E4BC /* Manyam_SearchAppUITestsLaunchTests.swift */,
			);
			path = Manyam_SearchAppUITests;
			sourceTree = "<group>";
		};
/* End PBXGroup section */

/* Begin PBXNativeTarget section */
		3F6C8EA727CAA8010078E4BC /* Manyam_SearchApp */ = {
			isa = PBXNativeTarget;
			buildConfigurationList = 3F6C8ED227CAA8020078E4BC /* Build configuration list for PBXNativeTarget "Manyam_SearchApp" */;
			buildPhases = (
				3F6C8EA427CAA8010078E4BC /* Sources */,
				3F6C8EA527CAA8010078E4BC /* Frameworks */,
				3F6C8EA627CAA8010078E4BC /* Resources */,
			);
			buildRules = (
			);
			dependencies = (
			);
			name = Manyam_SearchApp;
			productName = Manyam_SearchApp;
			productReference = 3F6C8EA827CAA8010078E4BC /* Manyam_SearchApp.app */;
			productType = "com.apple.product-type.application";
		};
		3F6C8EBD27CAA8020078E4BC /* Manyam_SearchAppTests */ = {
			isa = PBXNativeTarget;
			buildConfigurationList = 3F6C8ED527CAA8020078E4BC /* Build configuration list for PBXNativeTarget "Manyam_SearchAppTests" */;
			buildPhases = (
				3F6C8EBA27CAA8020078E4BC /* Sources */,
				3F6C8EBB27CAA8020078E4BC /* Frameworks */,
				3F6C8EBC27CAA8020078E4BC /* Resources */,
			);
			buildRules = (
			);
			dependencies = (
				3F6C8EC027CAA8020078E4BC /* PBXTargetDependency */,
			);
			name = Manyam_SearchAppTests;
			productName = Manyam_SearchAppTests;
			productReference = 3F6C8EBE27CAA8020078E4BC /* Manyam_SearchAppTests.xctest */;
			productType = "com.apple.product-type.bundle.unit-test";
		};
		3F6C8EC727CAA8020078E4BC /* Manyam_SearchAppUITests */ = {
			isa = PBXNativeTarget;
			buildConfigurationList = 3F6C8ED827CAA8020078E4BC /* Build configuration list for PBXNativeTarget "Manyam_SearchAppUITests" */;
			buildPhases = (
				3F6C8EC427CAA8020078E4BC /* Sources */,
				3F6C8EC527CAA8020078E4BC /* Frameworks */,
				3F6C8EC627CAA8020078E4BC /* Resources */,
			);
			buildRules = (
			);
			dependencies = (
				3F6C8ECA27CAA8020078E4BC /* PBXTargetDependency */,
			);
			name = Manyam_SearchAppUITests;
			productName = Manyam_SearchAppUITests;
			productReference = 3F6C8EC827CAA8020078E4BC /* Manyam_SearchAppUITests.xctest */;
			productType = "com.apple.product-type.bundle.ui-testing";
		};
/* End PBXNativeTarget section */

/* Begin PBXProject section */
		3F6C8EA027CAA8010078E4BC /* Project object */ = {
			isa = PBXProject;
			attributes = {
				BuildIndependentTargetsInParallel = 1;
				LastSwiftUpdateCheck = 1320;
				LastUpgradeCheck = 1320;
				TargetAttributes = {
					3F6C8EA727CAA8010078E4BC = {
						CreatedOnToolsVersion = 13.2.1;
					};
					3F6C8EBD27CAA8020078E4BC = {
						CreatedOnToolsVersion = 13.2.1;
						TestTargetID = 3F6C8EA727CAA8010078E4BC;
					};
					3F6C8EC727CAA8020078E4BC = {
						CreatedOnToolsVersion = 13.2.1;
						TestTargetID = 3F6C8EA727CAA8010078E4BC;
					};
				};
			};
			buildConfigurationList = 3F6C8EA327CAA8010078E4BC /* Build configuration list for PBXProject "Manyam_SearchApp" */;
			compatibilityVersion = "Xcode 13.0";
			developmentRegion = en;
			hasScannedForEncodings = 0;
			knownRegions = (
				en,
				Base,
			);
			mainGroup = 3F6C8E9F27CAA8010078E4BC;
			productRefGroup = 3F6C8EA927CAA8010078E4BC /* Products */;
			projectDirPath = "";
			projectRoot = "";
			targets = (
				3F6C8EA727CAA8010078E4BC /* Manyam_SearchApp */,
				3F6C8EBD27CAA8020078E4BC /* Manyam_SearchAppTests */,
				3F6C8EC727CAA8020078E4BC /* Manyam_SearchAppUITests */,
			);
		};
/* End PBXProject section */

/* Begin PBXResourcesBuildPhase section */
		3F6C8EA627CAA8010078E4BC /* Resources */ = {
			isa = PBXResourcesBuildPhase;
			buildActionMask = 2147483647;
			files = (
				3F6C8EB827CAA8020078E4BC /* LaunchScreen.storyboard in Resources */,
				3F6C8EB527CAA8020078E4BC /* Assets.xcassets in Resources */,
				3F6C8EB327CAA8010078E4BC /* Main.storyboard in Resources */,
			);
			runOnlyForDeploymentPostprocessing = 0;
		};
		3F6C8EBC27CAA8020078E4BC /* Resources */ = {
			isa = PBXResourcesBuildPhase;
			buildActionMask = 2147483647;
			files = (
			);
			runOnlyForDeploymentPostprocessing = 0;
		};
		3F6C8EC627CAA8020078E4BC /* Resources */ = {
			isa = PBXResourcesBuildPhase;
			buildActionMask = 2147483647;
			files = (
			);
			runOnlyForDeploymentPostprocessing = 0;
		};
/* End PBXResourcesBuildPhase section */

/* Begin PBXSourcesBuildPhase section */
		3F6C8EA427CAA8010078E4BC /* Sources */ = {
			isa = PBXSourcesBuildPhase;
			buildActionMask = 2147483647;
			files = (
				3F6C8EB027CAA8010078E4BC /* ViewController.swift in Sources */,
				3F6C8EAC27CAA8010078E4BC /* AppDelegate.swift in Sources */,
				3F6C8EAE27CAA8010078E4BC /* SceneDelegate.swift in Sources */,
			);
			runOnlyForDeploymentPostprocessing = 0;
		};
		3F6C8EBA27CAA8020078E4BC /* Sources */ = {
			isa = PBXSourcesBuildPhase;
			buildActionMask = 2147483647;
			files = (
				3F6C8EC327CAA8020078E4BC /* Manyam_SearchAppTests.swift in Sources */,
			);
			runOnlyForDeploymentPostprocessing = 0;
		};
		3F6C8EC427CAA8020078E4BC /* Sources */ = {
			isa = PBXSourcesBuildPhase;
			buildActionMask = 2147483647;
			files = (
				3F6C8ECD27CAA8020078E4BC /* Manyam_SearchAppUITests.swift in Sources */,
				3F6C8ECF27CAA8020078E4BC /* Manyam_SearchAppUITestsLaunchTests.swift in Sources */,
			);
			runOnlyForDeploymentPostprocessing = 0;
		};
/* End PBXSourcesBuildPhase section */

/* Begin PBXTargetDependency section */
		3F6C8EC027CAA8020078E4BC /* PBXTargetDependency */ = {
			isa = PBXTargetDependency;
			target = 3F6C8EA727CAA8010078E4BC /* Manyam_SearchApp */;
			targetProxy = 3F6C8EBF27CAA8020078E4BC /* PBXContainerItemProxy */;
		};
		3F6C8ECA27CAA8020078E4BC /* PBXTargetDependency */ = {
			isa = PBXTargetDependency;
			target = 3F6C8EA727CAA8010078E4BC /* Manyam_SearchApp */;
			targetProxy = 3F6C8EC927CAA8020078E4BC /* PBXContainerItemProxy */;
		};
/* End PBXTargetDependency section */

/* Begin PBXVariantGroup section */
		3F6C8EB127CAA8010078E4BC /* Main.storyboard */ = {
			isa = PBXVariantGroup;
			children = (
				3F6C8EB227CAA8010078E4BC /* Base */,
			);
			name = Main.storyboard;
			sourceTree = "<group>";
		};
		3F6C8EB627CAA8020078E4BC /* LaunchScreen.storyboard */ = {
			isa = PBXVariantGroup;
			children = (
				3F6C8EB727CAA8020078E4BC /* Base */,
			);
			name = LaunchScreen.storyboard;
			sourceTree = "<group>";
		};
/* End PBXVariantGroup section */

/* Begin XCBuildConfiguration section */
		3F6C8ED027CAA8020078E4BC /* Debug */ = {
			isa = XCBuildConfiguration;
			buildSettings = {
				ALWAYS_SEARCH_USER_PATHS = NO;
				CLANG_ANALYZER_NONNULL = YES;
				CLANG_ANALYZER_NUMBER_OBJECT_CONVERSION = YES_AGGRESSIVE;
				CLANG_CXX_LANGUAGE_STANDARD = "gnu++17";
				CLANG_CXX_LIBRARY = "libc++";
				CLANG_ENABLE_MODULES = YES;
				CLANG_ENABLE_OBJC_ARC = YES;
				CLANG_ENABLE_OBJC_WEAK = YES;
				CLANG_WARN_BLOCK_CAPTURE_AUTORELEASING = YES;
				CLANG_WARN_BOOL_CONVERSION = YES;
				CLANG_WARN_COMMA = YES;
				CLANG_WARN_CONSTANT_CONVERSION = YES;
				CLANG_WARN_DEPRECATED_OBJC_IMPLEMENTATIONS = YES;
				CLANG_WARN_DIRECT_OBJC_ISA_USAGE = YES_ERROR;
				CLANG_WARN_DOCUMENTATION_COMMENTS = YES;
				CLANG_WARN_EMPTY_BODY = YES;
				CLANG_WARN_ENUM_CONVERSION = YES;
				CLANG_WARN_INFINITE_RECURSION = YES;
				CLANG_WARN_INT_CONVERSION = YES;
				CLANG_WARN_NON_LITERAL_NULL_CONVERSION = YES;
				CLANG_WARN_OBJC_IMPLICIT_RETAIN_SELF = YES;
				CLANG_WARN_OBJC_LITERAL_CONVERSION = YES;
				CLANG_WARN_OBJC_ROOT_CLASS = YES_ERROR;
				CLANG_WARN_QUOTED_INCLUDE_IN_FRAMEWORK_HEADER = YES;
				CLANG_WARN_RANGE_LOOP_ANALYSIS = YES;
				CLANG_WARN_STRICT_PROTOTYPES = YES;
				CLANG_WARN_SUSPICIOUS_MOVE = YES;
				CLANG_WARN_UNGUARDED_AVAILABILITY = YES_AGGRESSIVE;
				CLANG_WARN_UNREACHABLE_CODE = YES;
				CLANG_WARN__DUPLICATE_METHOD_MATCH = YES;
				COPY_PHASE_STRIP = NO;
				DEBUG_INFORMATION_FORMAT = dwarf;
				ENABLE_STRICT_OBJC_MSGSEND = YES;
				ENABLE_TESTABILITY = YES;
				GCC_C_LANGUAGE_STANDARD = gnu11;
				GCC_DYNAMIC_NO_PIC = NO;
				GCC_NO_COMMON_BLOCKS = YES;
				GCC_OPTIMIZATION_LEVEL = 0;
				GCC_PREPROCESSOR_DEFINITIONS = (
					"DEBUG=1",
					"$(inherited)",
				);
				GCC_WARN_64_TO_32_BIT_CONVERSION = YES;
				GCC_WARN_ABOUT_RETURN_TYPE = YES_ERROR;
				GCC_WARN_UNDECLARED_SELECTOR = YES;
				GCC_WARN_UNINITIALIZED_AUTOS = YES_AGGRESSIVE;
				GCC_WARN_UNUSED_FUNCTION = YES;
				GCC_WARN_UNUSED_VARIABLE = YES;
				IPHONEOS_DEPLOYMENT_TARGET = 15.2;
				MTL_ENABLE_DEBUG_INFO = INCLUDE_SOURCE;
				MTL_FAST_MATH = YES;
				ONLY_ACTIVE_ARCH = YES;
				SDKROOT = iphoneos;
				SWIFT_ACTIVE_COMPILATION_CONDITIONS = DEBUG;
				SWIFT_OPTIMIZATION_LEVEL = "-Onone";
			};
			name = Debug;
		};
		3F6C8ED127CAA8020078E4BC /* Release */ = {
			isa = XCBuildConfiguration;
			buildSettings = {
				ALWAYS_SEARCH_USER_PATHS = NO;
				CLANG_ANALYZER_NONNULL = YES;
				CLANG_ANALYZER_NUMBER_OBJECT_CONVERSION = YES_AGGRESSIVE;
				CLANG_CXX_LANGUAGE_STANDARD = "gnu++17";
				CLANG_CXX_LIBRARY = "libc++";
				CLANG_ENABLE_MODULES = YES;
				CLANG_ENABLE_OBJC_ARC = YES;
				CLANG_ENABLE_OBJC_WEAK = YES;
				CLANG_WARN_BLOCK_CAPTURE_AUTORELEASING = YES;
				CLANG_WARN_BOOL_CONVERSION = YES;
				CLANG_WARN_COMMA = YES;
				CLANG_WARN_CONSTANT_CONVERSION = YES;
				CLANG_WARN_DEPRECATED_OBJC_IMPLEMENTATIONS = YES;
				CLANG_WARN_DIRECT_OBJC_ISA_USAGE = YES_ERROR;
				CLANG_WARN_DOCUMENTATION_COMMENTS = YES;
				CLANG_WARN_EMPTY_BODY = YES;
				CLANG_WARN_ENUM_CONVERSION = YES;
				CLANG_WARN_INFINITE_RECURSION = YES;
				CLANG_WARN_INT_CONVERSION = YES;
				CLANG_WARN_NON_LITERAL_NULL_CONVERSION = YES;
				CLANG_WARN_OBJC_IMPLICIT_RETAIN_SELF = YES;
				CLANG_WARN_OBJC_LITERAL_CONVERSION = YES;
				CLANG_WARN_OBJC_ROOT_CLASS = YES_ERROR;
				CLANG_WARN_QUOTED_INCLUDE_IN_FRAMEWORK_HEADER = YES;
				CLANG_WARN_RANGE_LOOP_ANALYSIS = YES;
				CLANG_WARN_STRICT_PROTOTYPES = YES;
				CLANG_WARN_SUSPICIOUS_MOVE = YES;
				CLANG_WARN_UNGUARDED_AVAILABILITY = YES_AGGRESSIVE;
				CLANG_WARN_UNREACHABLE_CODE = YES;
				CLANG_WARN__DUPLICATE_METHOD_MATCH = YES;
				COPY_PHASE_STRIP = NO;
				DEBUG_INFORMATION_FORMAT = "dwarf-with-dsym";
				ENABLE_NS_ASSERTIONS = NO;
				ENABLE_STRICT_OBJC_MSGSEND = YES;
				GCC_C_LANGUAGE_STANDARD = gnu11;
				GCC_NO_COMMON_BLOCKS = YES;
				GCC_WARN_64_TO_32_BIT_CONVERSION = YES;
				GCC_WARN_ABOUT_RETURN_TYPE = YES_ERROR;
				GCC_WARN_UNDECLARED_SELECTOR = YES;
				GCC_WARN_UNINITIALIZED_AUTOS = YES_AGGRESSIVE;
				GCC_WARN_UNUSED_FUNCTION = YES;
				GCC_WARN_UNUSED_VARIABLE = YES;
				IPHONEOS_DEPLOYMENT_TARGET = 15.2;
				MTL_ENABLE_DEBUG_INFO = NO;
				MTL_FAST_MATH = YES;
				SDKROOT = iphoneos;
				SWIFT_COMPILATION_MODE = wholemodule;
				SWIFT_OPTIMIZATION_LEVEL = "-O";
				VALIDATE_PRODUCT = YES;
			};
			name = Release;
		};
		3F6C8ED327CAA8020078E4BC /* Debug */ = {
			isa = XCBuildConfiguration;
			buildSettings = {
				ASSETCATALOG_COMPILER_APPICON_NAME = AppIcon;
				ASSETCATALOG_COMPILER_GLOBAL_ACCENT_COLOR_NAME = AccentColor;
				CODE_SIGN_STYLE = Automatic;
				CURRENT_PROJECT_VERSION = 1;
				GENERATE_INFOPLIST_FILE = YES;
				INFOPLIST_FILE = Manyam_SearchApp/Info.plist;
				INFOPLIST_KEY_CFBundleDisplayName = Manyam_SearchApp;
				INFOPLIST_KEY_UIApplicationSupportsIndirectInputEvents = YES;
				INFOPLIST_KEY_UILaunchStoryboardName = LaunchScreen;
				INFOPLIST_KEY_UIMainStoryboardFile = Main;
				INFOPLIST_KEY_UISupportedInterfaceOrientations_iPad = "UIInterfaceOrientationPortrait UIInterfaceOrientationPortraitUpsideDown UIInterfaceOrientationLandscapeLeft UIInterfaceOrientationLandscapeRight";
				INFOPLIST_KEY_UISupportedInterfaceOrientations_iPhone = "UIInterfaceOrientationPortrait UIInterfaceOrientationLandscapeLeft UIInterfaceOrientationLandscapeRight";
				LD_RUNPATH_SEARCH_PATHS = (
					"$(inherited)",
					"@executable_path/Frameworks",
				);
				MARKETING_VERSION = 1.0;
				PRODUCT_BUNDLE_IDENTIFIER = "nwmsu.Manyam-SearchApp";
				PRODUCT_NAME = "$(TARGET_NAME)";
				SWIFT_EMIT_LOC_STRINGS = YES;
				SWIFT_VERSION = 5.0;
				TARGETED_DEVICE_FAMILY = "1,2";
			};
			name = Debug;
		};
		3F6C8ED427CAA8020078E4BC /* Release */ = {
			isa = XCBuildConfiguration;
			buildSettings = {
				ASSETCATALOG_COMPILER_APPICON_NAME = AppIcon;
				ASSETCATALOG_COMPILER_GLOBAL_ACCENT_COLOR_NAME = AccentColor;
				CODE_SIGN_STYLE = Automatic;
				CURRENT_PROJECT_VERSION = 1;
				GENERATE_INFOPLIST_FILE = YES;
				INFOPLIST_FILE = Manyam_SearchApp/Info.plist;
				INFOPLIST_KEY_CFBundleDisplayName = Manyam_SearchApp;
				INFOPLIST_KEY_UIApplicationSupportsIndirectInputEvents = YES;
				INFOPLIST_KEY_UILaunchStoryboardName = LaunchScreen;
				INFOPLIST_KEY_UIMainStoryboardFile = Main;
				INFOPLIST_KEY_UISupportedInterfaceOrientations_iPad = "UIInterfaceOrientationPortrait UIInterfaceOrientationPortraitUpsideDown UIInterfaceOrientationLandscapeLeft UIInterfaceOrientationLandscapeRight";
				INFOPLIST_KEY_UISupportedInterfaceOrientations_iPhone = "UIInterfaceOrientationPortrait UIInterfaceOrientationLandscapeLeft UIInterfaceOrientationLandscapeRight";
				LD_RUNPATH_SEARCH_PATHS = (
					"$(inherited)",
					"@executable_path/Frameworks",
				);
				MARKETING_VERSION = 1.0;
				PRODUCT_BUNDLE_IDENTIFIER = "nwmsu.Manyam-SearchApp";
				PRODUCT_NAME = "$(TARGET_NAME)";
				SWIFT_EMIT_LOC_STRINGS = YES;
				SWIFT_VERSION = 5.0;
				TARGETED_DEVICE_FAMILY = "1,2";
			};
			name = Release;
		};
		3F6C8ED627CAA8020078E4BC /* Debug */ = {
			isa = XCBuildConfiguration;
			buildSettings = {
				ALWAYS_EMBED_SWIFT_STANDARD_LIBRARIES = YES;
				BUNDLE_LOADER = "$(TEST_HOST)";
				CODE_SIGN_STYLE = Automatic;
				CURRENT_PROJECT_VERSION = 1;
				GENERATE_INFOPLIST_FILE = YES;
				IPHONEOS_DEPLOYMENT_TARGET = 15.2;
				MARKETING_VERSION = 1.0;
				PRODUCT_BUNDLE_IDENTIFIER = "nwmsu.Manyam-SearchAppTests";
				PRODUCT_NAME = "$(TARGET_NAME)";
				SWIFT_EMIT_LOC_STRINGS = NO;
				SWIFT_VERSION = 5.0;
				TARGETED_DEVICE_FAMILY = "1,2";
				TEST_HOST = "$(BUILT_PRODUCTS_DIR)/Manyam_SearchApp.app/Manyam_SearchApp";
			};
			name = Debug;
		};
		3F6C8ED727CAA8020078E4BC /* Release */ = {
			isa = XCBuildConfiguration;
			buildSettings = {
				ALWAYS_EMBED_SWIFT_STANDARD_LIBRARIES = YES;
				BUNDLE_LOADER = "$(TEST_HOST)";
				CODE_SIGN_STYLE = Automatic;
				CURRENT_PROJECT_VERSION = 1;
				GENERATE_INFOPLIST_FILE = YES;
				IPHONEOS_DEPLOYMENT_TARGET = 15.2;
				MARKETING_VERSION = 1.0;
				PRODUCT_BUNDLE_IDENTIFIER = "nwmsu.Manyam-SearchAppTests";
				PRODUCT_NAME = "$(TARGET_NAME)";
				SWIFT_EMIT_LOC_STRINGS = NO;
				SWIFT_VERSION = 5.0;
				TARGETED_DEVICE_FAMILY = "1,2";
				TEST_HOST = "$(BUILT_PRODUCTS_DIR)/Manyam_SearchApp.app/Manyam_SearchApp";
			};
			name = Release;
		};
		3F6C8ED927CAA8020078E4BC /* Debug */ = {
			isa = XCBuildConfiguration;
			buildSettings = {
				ALWAYS_EMBED_SWIFT_STANDARD_LIBRARIES = YES;
				CODE_SIGN_STYLE = Automatic;
				CURRENT_PROJECT_VERSION = 1;
				GENERATE_INFOPLIST_FILE = YES;
				MARKETING_VERSION = 1.0;
				PRODUCT_BUNDLE_IDENTIFIER = "nwmsu.Manyam-SearchAppUITests";
				PRODUCT_NAME = "$(TARGET_NAME)";
				SWIFT_EMIT_LOC_STRINGS = NO;
				SWIFT_VERSION = 5.0;
				TARGETED_DEVICE_FAMILY = "1,2";
				TEST_TARGET_NAME = Manyam_SearchApp;
			};
			name = Debug;
		};
		3F6C8EDA27CAA8020078E4BC /* Release */ = {
			isa = XCBuildConfiguration;
			buildSettings = {
				ALWAYS_EMBED_SWIFT_STANDARD_LIBRARIES = YES;
				CODE_SIGN_STYLE = Automatic;
				CURRENT_PROJECT_VERSION = 1;
				GENERATE_INFOPLIST_FILE = YES;
				MARKETING_VERSION = 1.0;
				PRODUCT_BUNDLE_IDENTIFIER = "nwmsu.Manyam-SearchAppUITests";
				PRODUCT_NAME = "$(TARGET_NAME)";
				SWIFT_EMIT_LOC_STRINGS = NO;
				SWIFT_VERSION = 5.0;
				TARGETED_DEVICE_FAMILY = "1,2";
				TEST_TARGET_NAME = Manyam_SearchApp;
			};
			name = Release;
		};
/* End XCBuildConfiguration section */

/* Begin XCConfigurationList section */
		3F6C8EA327CAA8010078E4BC /* Build configuration list for PBXProject "Manyam_SearchApp" */ = {
			isa = XCConfigurationList;
			buildConfigurations = (
				3F6C8ED027CAA8020078E4BC /* Debug */,
				3F6C8ED127CAA8020078E4BC /* Release */,
			);
			defaultConfigurationIsVisible = 0;
			defaultConfigurationName = Release;
		};
		3F6C8ED227CAA8020078E4BC /* Build configuration list for PBXNativeTarget "Manyam_SearchApp" */ = {
			isa = XCConfigurationList;
			buildConfigurations = (
				3F6C8ED327CAA8020078E4BC /* Debug */,
				3F6C8ED427CAA8020078E4BC /* Release */,
			);
			defaultConfigurationIsVisible = 0;
			defaultConfigurationName = Release;
		};
		3F6C8ED527CAA8020078E4BC /* Build configuration list for PBXNativeTarget "Manyam_SearchAppTests" */ = {
			isa = XCConfigurationList;
			buildConfigurations = (
				3F6C8ED627CAA8020078E4BC /* Debug */,
				3F6C8ED727CAA8020078E4BC /* Release */,
			);
			defaultConfigurationIsVisible = 0;
			defaultConfigurationName = Release;
		};
		3F6C8ED827CAA8020078E4BC /* Build configuration list for PBXNativeTarget "Manyam_SearchAppUITests" */ = {
			isa = XCConfigurationList;
			buildConfigurations = (
				3F6C8ED927CAA8020078E4BC /* Debug */,
				3F6C8EDA27CAA8020078E4BC /* Release */,
			);
			defaultConfigurationIsVisible = 0;
			defaultConfigurationName = Release;
		};
/* End XCConfigurationList section */
	};
	rootObject = 3F6C8EA027CAA8010078E4BC /* Project object */;
}
