// !$*UTF8*$!
{
	archiveVersion = 1;
	classes = {
	};
	objectVersion = 55;
	objects = {

/* Begin PBXBuildFile section */
		359914EE27C7DD33009CBEB0 /* AppDelegate.swift in Sources */ = {isa = PBXBuildFile; fileRef = 359914ED27C7DD33009CBEB0 /* AppDelegate.swift */; };
		359914F027C7DD33009CBEB0 /* SceneDelegate.swift in Sources */ = {isa = PBXBuildFile; fileRef = 359914EF27C7DD33009CBEB0 /* SceneDelegate.swift */; };
		359914F227C7DD33009CBEB0 /* ViewController.swift in Sources */ = {isa = PBXBuildFile; fileRef = 359914F127C7DD33009CBEB0 /* ViewController.swift */; };
		359914F527C7DD33009CBEB0 /* Main.storyboard in Resources */ = {isa = PBXBuildFile; fileRef = 359914F327C7DD33009CBEB0 /* Main.storyboard */; };
		359914F727C7DD34009CBEB0 /* Assets.xcassets in Resources */ = {isa = PBXBuildFile; fileRef = 359914F627C7DD34009CBEB0 /* Assets.xcassets */; };
		359914FA27C7DD34009CBEB0 /* LaunchScreen.storyboard in Resources */ = {isa = PBXBuildFile; fileRef = 359914F827C7DD34009CBEB0 /* LaunchScreen.storyboard */; };
		3599150527C7DD34009CBEB0 /* Manyam_DiceGameTests.swift in Sources */ = {isa = PBXBuildFile; fileRef = 3599150427C7DD34009CBEB0 /* Manyam_DiceGameTests.swift */; };
		3599150F27C7DD34009CBEB0 /* Manyam_DiceGameUITests.swift in Sources */ = {isa = PBXBuildFile; fileRef = 3599150E27C7DD34009CBEB0 /* Manyam_DiceGameUITests.swift */; };
		3599151127C7DD34009CBEB0 /* Manyam_DiceGameUITestsLaunchTests.swift in Sources */ = {isa = PBXBuildFile; fileRef = 3599151027C7DD34009CBEB0 /* Manyam_DiceGameUITestsLaunchTests.swift */; };
/* End PBXBuildFile section */

/* Begin PBXContainerItemProxy section */
		3599150127C7DD34009CBEB0 /* PBXContainerItemProxy */ = {
			isa = PBXContainerItemProxy;
			containerPortal = 359914E227C7DD33009CBEB0 /* Project object */;
			proxyType = 1;
			remoteGlobalIDString = 359914E927C7DD33009CBEB0;
			remoteInfo = Manyam_DiceGame;
		};
		3599150B27C7DD34009CBEB0 /* PBXContainerItemProxy */ = {
			isa = PBXContainerItemProxy;
			containerPortal = 359914E227C7DD33009CBEB0 /* Project object */;
			proxyType = 1;
			remoteGlobalIDString = 359914E927C7DD33009CBEB0;
			remoteInfo = Manyam_DiceGame;
		};
/* End PBXContainerItemProxy section */

/* Begin PBXFileReference section */
		359914EA27C7DD33009CBEB0 /* Manyam_DiceGame.app */ = {isa = PBXFileReference; explicitFileType = wrapper.application; includeInIndex = 0; path = Manyam_DiceGame.app; sourceTree = BUILT_PRODUCTS_DIR; };
		359914ED27C7DD33009CBEB0 /* AppDelegate.swift */ = {isa = PBXFileReference; lastKnownFileType = sourcecode.swift; path = AppDelegate.swift; sourceTree = "<group>"; };
		359914EF27C7DD33009CBEB0 /* SceneDelegate.swift */ = {isa = PBXFileReference; lastKnownFileType = sourcecode.swift; path = SceneDelegate.swift; sourceTree = "<group>"; };
		359914F127C7DD33009CBEB0 /* ViewController.swift */ = {isa = PBXFileReference; lastKnownFileType = sourcecode.swift; path = ViewController.swift; sourceTree = "<group>"; };
		359914F427C7DD33009CBEB0 /* Base */ = {isa = PBXFileReference; lastKnownFileType = file.storyboard; name = Base; path = Base.lproj/Main.storyboard; sourceTree = "<group>"; };
		359914F627C7DD34009CBEB0 /* Assets.xcassets */ = {isa = PBXFileReference; lastKnownFileType = folder.assetcatalog; path = Assets.xcassets; sourceTree = "<group>"; };
		359914F927C7DD34009CBEB0 /* Base */ = {isa = PBXFileReference; lastKnownFileType = file.storyboard; name = Base; path = Base.lproj/LaunchScreen.storyboard; sourceTree = "<group>"; };
		359914FB27C7DD34009CBEB0 /* Info.plist */ = {isa = PBXFileReference; lastKnownFileType = text.plist.xml; path = Info.plist; sourceTree = "<group>"; };
		3599150027C7DD34009CBEB0 /* Manyam_DiceGameTests.xctest */ = {isa = PBXFileReference; explicitFileType = wrapper.cfbundle; includeInIndex = 0; path = Manyam_DiceGameTests.xctest; sourceTree = BUILT_PRODUCTS_DIR; };
		3599150427C7DD34009CBEB0 /* Manyam_DiceGameTests.swift */ = {isa = PBXFileReference; lastKnownFileType = sourcecode.swift; path = Manyam_DiceGameTests.swift; sourceTree = "<group>"; };
		3599150A27C7DD34009CBEB0 /* Manyam_DiceGameUITests.xctest */ = {isa = PBXFileReference; explicitFileType = wrapper.cfbundle; includeInIndex = 0; path = Manyam_DiceGameUITests.xctest; sourceTree = BUILT_PRODUCTS_DIR; };
		3599150E27C7DD34009CBEB0 /* Manyam_DiceGameUITests.swift */ = {isa = PBXFileReference; lastKnownFileType = sourcecode.swift; path = Manyam_DiceGameUITests.swift; sourceTree = "<group>"; };
		3599151027C7DD34009CBEB0 /* Manyam_DiceGameUITestsLaunchTests.swift */ = {isa = PBXFileReference; lastKnownFileType = sourcecode.swift; path = Manyam_DiceGameUITestsLaunchTests.swift; sourceTree = "<group>"; };
/* End PBXFileReference section */

/* Begin PBXFrameworksBuildPhase section */
		359914E727C7DD33009CBEB0 /* Frameworks */ = {
			isa = PBXFrameworksBuildPhase;
			buildActionMask = 2147483647;
			files = (
			);
			runOnlyForDeploymentPostprocessing = 0;
		};
		359914FD27C7DD34009CBEB0 /* Frameworks */ = {
			isa = PBXFrameworksBuildPhase;
			buildActionMask = 2147483647;
			files = (
			);
			runOnlyForDeploymentPostprocessing = 0;
		};
		3599150727C7DD34009CBEB0 /* Frameworks */ = {
			isa = PBXFrameworksBuildPhase;
			buildActionMask = 2147483647;
			files = (
			);
			runOnlyForDeploymentPostprocessing = 0;
		};
/* End PBXFrameworksBuildPhase section */

/* Begin PBXGroup section */
		359914E127C7DD33009CBEB0 = {
			isa = PBXGroup;
			children = (
				359914EC27C7DD33009CBEB0 /* Manyam_DiceGame */,
				3599150327C7DD34009CBEB0 /* Manyam_DiceGameTests */,
				3599150D27C7DD34009CBEB0 /* Manyam_DiceGameUITests */,
				359914EB27C7DD33009CBEB0 /* Products */,
			);
			sourceTree = "<group>";
		};
		359914EB27C7DD33009CBEB0 /* Products */ = {
			isa = PBXGroup;
			children = (
				359914EA27C7DD33009CBEB0 /* Manyam_DiceGame.app */,
				3599150027C7DD34009CBEB0 /* Manyam_DiceGameTests.xctest */,
				3599150A27C7DD34009CBEB0 /* Manyam_DiceGameUITests.xctest */,
			);
			name = Products;
			sourceTree = "<group>";
		};
		359914EC27C7DD33009CBEB0 /* Manyam_DiceGame */ = {
			isa = PBXGroup;
			children = (
				359914ED27C7DD33009CBEB0 /* AppDelegate.swift */,
				359914EF27C7DD33009CBEB0 /* SceneDelegate.swift */,
				359914F127C7DD33009CBEB0 /* ViewController.swift */,
				359914F327C7DD33009CBEB0 /* Main.storyboard */,
				359914F627C7DD34009CBEB0 /* Assets.xcassets */,
				359914F827C7DD34009CBEB0 /* LaunchScreen.storyboard */,
				359914FB27C7DD34009CBEB0 /* Info.plist */,
			);
			path = Manyam_DiceGame;
			sourceTree = "<group>";
		};
		3599150327C7DD34009CBEB0 /* Manyam_DiceGameTests */ = {
			isa = PBXGroup;
			children = (
				3599150427C7DD34009CBEB0 /* Manyam_DiceGameTests.swift */,
			);
			path = Manyam_DiceGameTests;
			sourceTree = "<group>";
		};
		3599150D27C7DD34009CBEB0 /* Manyam_DiceGameUITests */ = {
			isa = PBXGroup;
			children = (
				3599150E27C7DD34009CBEB0 /* Manyam_DiceGameUITests.swift */,
				3599151027C7DD34009CBEB0 /* Manyam_DiceGameUITestsLaunchTests.swift */,
			);
			path = Manyam_DiceGameUITests;
			sourceTree = "<group>";
		};
/* End PBXGroup section */

/* Begin PBXNativeTarget section */
		359914E927C7DD33009CBEB0 /* Manyam_DiceGame */ = {
			isa = PBXNativeTarget;
			buildConfigurationList = 3599151427C7DD34009CBEB0 /* Build configuration list for PBXNativeTarget "Manyam_DiceGame" */;
			buildPhases = (
				359914E627C7DD33009CBEB0 /* Sources */,
				359914E727C7DD33009CBEB0 /* Frameworks */,
				359914E827C7DD33009CBEB0 /* Resources */,
			);
			buildRules = (
			);
			dependencies = (
			);
			name = Manyam_DiceGame;
			productName = Manyam_DiceGame;
			productReference = 359914EA27C7DD33009CBEB0 /* Manyam_DiceGame.app */;
			productType = "com.apple.product-type.application";
		};
		359914FF27C7DD34009CBEB0 /* Manyam_DiceGameTests */ = {
			isa = PBXNativeTarget;
			buildConfigurationList = 3599151727C7DD34009CBEB0 /* Build configuration list for PBXNativeTarget "Manyam_DiceGameTests" */;
			buildPhases = (
				359914FC27C7DD34009CBEB0 /* Sources */,
				359914FD27C7DD34009CBEB0 /* Frameworks */,
				359914FE27C7DD34009CBEB0 /* Resources */,
			);
			buildRules = (
			);
			dependencies = (
				3599150227C7DD34009CBEB0 /* PBXTargetDependency */,
			);
			name = Manyam_DiceGameTests;
			productName = Manyam_DiceGameTests;
			productReference = 3599150027C7DD34009CBEB0 /* Manyam_DiceGameTests.xctest */;
			productType = "com.apple.product-type.bundle.unit-test";
		};
		3599150927C7DD34009CBEB0 /* Manyam_DiceGameUITests */ = {
			isa = PBXNativeTarget;
			buildConfigurationList = 3599151A27C7DD34009CBEB0 /* Build configuration list for PBXNativeTarget "Manyam_DiceGameUITests" */;
			buildPhases = (
				3599150627C7DD34009CBEB0 /* Sources */,
				3599150727C7DD34009CBEB0 /* Frameworks */,
				3599150827C7DD34009CBEB0 /* Resources */,
			);
			buildRules = (
			);
			dependencies = (
				3599150C27C7DD34009CBEB0 /* PBXTargetDependency */,
			);
			name = Manyam_DiceGameUITests;
			productName = Manyam_DiceGameUITests;
			productReference = 3599150A27C7DD34009CBEB0 /* Manyam_DiceGameUITests.xctest */;
			productType = "com.apple.product-type.bundle.ui-testing";
		};
/* End PBXNativeTarget section */

/* Begin PBXProject section */
		359914E227C7DD33009CBEB0 /* Project object */ = {
			isa = PBXProject;
			attributes = {
				BuildIndependentTargetsInParallel = 1;
				LastSwiftUpdateCheck = 1320;
				LastUpgradeCheck = 1320;
				TargetAttributes = {
					359914E927C7DD33009CBEB0 = {
						CreatedOnToolsVersion = 13.2.1;
					};
					359914FF27C7DD34009CBEB0 = {
						CreatedOnToolsVersion = 13.2.1;
						TestTargetID = 359914E927C7DD33009CBEB0;
					};
					3599150927C7DD34009CBEB0 = {
						CreatedOnToolsVersion = 13.2.1;
						TestTargetID = 359914E927C7DD33009CBEB0;
					};
				};
			};
			buildConfigurationList = 359914E527C7DD33009CBEB0 /* Build configuration list for PBXProject "Manyam_DiceGame" */;
			compatibilityVersion = "Xcode 13.0";
			developmentRegion = en;
			hasScannedForEncodings = 0;
			knownRegions = (
				en,
				Base,
			);
			mainGroup = 359914E127C7DD33009CBEB0;
			productRefGroup = 359914EB27C7DD33009CBEB0 /* Products */;
			projectDirPath = "";
			projectRoot = "";
			targets = (
				359914E927C7DD33009CBEB0 /* Manyam_DiceGame */,
				359914FF27C7DD34009CBEB0 /* Manyam_DiceGameTests */,
				3599150927C7DD34009CBEB0 /* Manyam_DiceGameUITests */,
			);
		};
/* End PBXProject section */

/* Begin PBXResourcesBuildPhase section */
		359914E827C7DD33009CBEB0 /* Resources */ = {
			isa = PBXResourcesBuildPhase;
			buildActionMask = 2147483647;
			files = (
				359914FA27C7DD34009CBEB0 /* LaunchScreen.storyboard in Resources */,
				359914F727C7DD34009CBEB0 /* Assets.xcassets in Resources */,
				359914F527C7DD33009CBEB0 /* Main.storyboard in Resources */,
			);
			runOnlyForDeploymentPostprocessing = 0;
		};
		359914FE27C7DD34009CBEB0 /* Resources */ = {
			isa = PBXResourcesBuildPhase;
			buildActionMask = 2147483647;
			files = (
			);
			runOnlyForDeploymentPostprocessing = 0;
		};
		3599150827C7DD34009CBEB0 /* Resources */ = {
			isa = PBXResourcesBuildPhase;
			buildActionMask = 2147483647;
			files = (
			);
			runOnlyForDeploymentPostprocessing = 0;
		};
/* End PBXResourcesBuildPhase section */

/* Begin PBXSourcesBuildPhase section */
		359914E627C7DD33009CBEB0 /* Sources */ = {
			isa = PBXSourcesBuildPhase;
			buildActionMask = 2147483647;
			files = (
				359914F227C7DD33009CBEB0 /* ViewController.swift in Sources */,
				359914EE27C7DD33009CBEB0 /* AppDelegate.swift in Sources */,
				359914F027C7DD33009CBEB0 /* SceneDelegate.swift in Sources */,
			);
			runOnlyForDeploymentPostprocessing = 0;
		};
		359914FC27C7DD34009CBEB0 /* Sources */ = {
			isa = PBXSourcesBuildPhase;
			buildActionMask = 2147483647;
			files = (
				3599150527C7DD34009CBEB0 /* Manyam_DiceGameTests.swift in Sources */,
			);
			runOnlyForDeploymentPostprocessing = 0;
		};
		3599150627C7DD34009CBEB0 /* Sources */ = {
			isa = PBXSourcesBuildPhase;
			buildActionMask = 2147483647;
			files = (
				3599151127C7DD34009CBEB0 /* Manyam_DiceGameUITestsLaunchTests.swift in Sources */,
				3599150F27C7DD34009CBEB0 /* Manyam_DiceGameUITests.swift in Sources */,
			);
			runOnlyForDeploymentPostprocessing = 0;
		};
/* End PBXSourcesBuildPhase section */

/* Begin PBXTargetDependency section */
		3599150227C7DD34009CBEB0 /* PBXTargetDependency */ = {
			isa = PBXTargetDependency;
			target = 359914E927C7DD33009CBEB0 /* Manyam_DiceGame */;
			targetProxy = 3599150127C7DD34009CBEB0 /* PBXContainerItemProxy */;
		};
		3599150C27C7DD34009CBEB0 /* PBXTargetDependency */ = {
			isa = PBXTargetDependency;
			target = 359914E927C7DD33009CBEB0 /* Manyam_DiceGame */;
			targetProxy = 3599150B27C7DD34009CBEB0 /* PBXContainerItemProxy */;
		};
/* End PBXTargetDependency section */

/* Begin PBXVariantGroup section */
		359914F327C7DD33009CBEB0 /* Main.storyboard */ = {
			isa = PBXVariantGroup;
			children = (
				359914F427C7DD33009CBEB0 /* Base */,
			);
			name = Main.storyboard;
			sourceTree = "<group>";
		};
		359914F827C7DD34009CBEB0 /* LaunchScreen.storyboard */ = {
			isa = PBXVariantGroup;
			children = (
				359914F927C7DD34009CBEB0 /* Base */,
			);
			name = LaunchScreen.storyboard;
			sourceTree = "<group>";
		};
/* End PBXVariantGroup section */

/* Begin XCBuildConfiguration section */
		3599151227C7DD34009CBEB0 /* Debug */ = {
			isa = XCBuildConfiguration;
			buildSettings = {
				ALWAYS_SEARCH_USER_PATHS = NO;
				CLANG_ANALYZER_NONNULL = YES;
				CLANG_ANALYZER_NUMBER_OBJECT_CONVERSION = YES_AGGRESSIVE;
				CLANG_CXX_LANGUAGE_STANDARD = "gnu++17";
				CLANG_CXX_LIBRARY = "libc++";
				CLANG_ENABLE_MODULES = YES;
				CLANG_ENABLE_OBJC_ARC = YES;
				CLANG_ENABLE_OBJC_WEAK = YES;
				CLANG_WARN_BLOCK_CAPTURE_AUTORELEASING = YES;
				CLANG_WARN_BOOL_CONVERSION = YES;
				CLANG_WARN_COMMA = YES;
				CLANG_WARN_CONSTANT_CONVERSION = YES;
				CLANG_WARN_DEPRECATED_OBJC_IMPLEMENTATIONS = YES;
				CLANG_WARN_DIRECT_OBJC_ISA_USAGE = YES_ERROR;
				CLANG_WARN_DOCUMENTATION_COMMENTS = YES;
				CLANG_WARN_EMPTY_BODY = YES;
				CLANG_WARN_ENUM_CONVERSION = YES;
				CLANG_WARN_INFINITE_RECURSION = YES;
				CLANG_WARN_INT_CONVERSION = YES;
				CLANG_WARN_NON_LITERAL_NULL_CONVERSION = YES;
				CLANG_WARN_OBJC_IMPLICIT_RETAIN_SELF = YES;
				CLANG_WARN_OBJC_LITERAL_CONVERSION = YES;
				CLANG_WARN_OBJC_ROOT_CLASS = YES_ERROR;
				CLANG_WARN_QUOTED_INCLUDE_IN_FRAMEWORK_HEADER = YES;
				CLANG_WARN_RANGE_LOOP_ANALYSIS = YES;
				CLANG_WARN_STRICT_PROTOTYPES = YES;
				CLANG_WARN_SUSPICIOUS_MOVE = YES;
				CLANG_WARN_UNGUARDED_AVAILABILITY = YES_AGGRESSIVE;
				CLANG_WARN_UNREACHABLE_CODE = YES;
				CLANG_WARN__DUPLICATE_METHOD_MATCH = YES;
				COPY_PHASE_STRIP = NO;
				DEBUG_INFORMATION_FORMAT = dwarf;
				ENABLE_STRICT_OBJC_MSGSEND = YES;
				ENABLE_TESTABILITY = YES;
				GCC_C_LANGUAGE_STANDARD = gnu11;
				GCC_DYNAMIC_NO_PIC = NO;
				GCC_NO_COMMON_BLOCKS = YES;
				GCC_OPTIMIZATION_LEVEL = 0;
				GCC_PREPROCESSOR_DEFINITIONS = (
					"DEBUG=1",
					"$(inherited)",
				);
				GCC_WARN_64_TO_32_BIT_CONVERSION = YES;
				GCC_WARN_ABOUT_RETURN_TYPE = YES_ERROR;
				GCC_WARN_UNDECLARED_SELECTOR = YES;
				GCC_WARN_UNINITIALIZED_AUTOS = YES_AGGRESSIVE;
				GCC_WARN_UNUSED_FUNCTION = YES;
				GCC_WARN_UNUSED_VARIABLE = YES;
				IPHONEOS_DEPLOYMENT_TARGET = 15.2;
				MTL_ENABLE_DEBUG_INFO = INCLUDE_SOURCE;
				MTL_FAST_MATH = YES;
				ONLY_ACTIVE_ARCH = YES;
				SDKROOT = iphoneos;
				SWIFT_ACTIVE_COMPILATION_CONDITIONS = DEBUG;
				SWIFT_OPTIMIZATION_LEVEL = "-Onone";
			};
			name = Debug;
		};
		3599151327C7DD34009CBEB0 /* Release */ = {
			isa = XCBuildConfiguration;
			buildSettings = {
				ALWAYS_SEARCH_USER_PATHS = NO;
				CLANG_ANALYZER_NONNULL = YES;
				CLANG_ANALYZER_NUMBER_OBJECT_CONVERSION = YES_AGGRESSIVE;
				CLANG_CXX_LANGUAGE_STANDARD = "gnu++17";
				CLANG_CXX_LIBRARY = "libc++";
				CLANG_ENABLE_MODULES = YES;
				CLANG_ENABLE_OBJC_ARC = YES;
				CLANG_ENABLE_OBJC_WEAK = YES;
				CLANG_WARN_BLOCK_CAPTURE_AUTORELEASING = YES;
				CLANG_WARN_BOOL_CONVERSION = YES;
				CLANG_WARN_COMMA = YES;
				CLANG_WARN_CONSTANT_CONVERSION = YES;
				CLANG_WARN_DEPRECATED_OBJC_IMPLEMENTATIONS = YES;
				CLANG_WARN_DIRECT_OBJC_ISA_USAGE = YES_ERROR;
				CLANG_WARN_DOCUMENTATION_COMMENTS = YES;
				CLANG_WARN_EMPTY_BODY = YES;
				CLANG_WARN_ENUM_CONVERSION = YES;
				CLANG_WARN_INFINITE_RECURSION = YES;
				CLANG_WARN_INT_CONVERSION = YES;
				CLANG_WARN_NON_LITERAL_NULL_CONVERSION = YES;
				CLANG_WARN_OBJC_IMPLICIT_RETAIN_SELF = YES;
				CLANG_WARN_OBJC_LITERAL_CONVERSION = YES;
				CLANG_WARN_OBJC_ROOT_CLASS = YES_ERROR;
				CLANG_WARN_QUOTED_INCLUDE_IN_FRAMEWORK_HEADER = YES;
				CLANG_WARN_RANGE_LOOP_ANALYSIS = YES;
				CLANG_WARN_STRICT_PROTOTYPES = YES;
				CLANG_WARN_SUSPICIOUS_MOVE = YES;
				CLANG_WARN_UNGUARDED_AVAILABILITY = YES_AGGRESSIVE;
				CLANG_WARN_UNREACHABLE_CODE = YES;
				CLANG_WARN__DUPLICATE_METHOD_MATCH = YES;
				COPY_PHASE_STRIP = NO;
				DEBUG_INFORMATION_FORMAT = "dwarf-with-dsym";
				ENABLE_NS_ASSERTIONS = NO;
				ENABLE_STRICT_OBJC_MSGSEND = YES;
				GCC_C_LANGUAGE_STANDARD = gnu11;
				GCC_NO_COMMON_BLOCKS = YES;
				GCC_WARN_64_TO_32_BIT_CONVERSION = YES;
				GCC_WARN_ABOUT_RETURN_TYPE = YES_ERROR;
				GCC_WARN_UNDECLARED_SELECTOR = YES;
				GCC_WARN_UNINITIALIZED_AUTOS = YES_AGGRESSIVE;
				GCC_WARN_UNUSED_FUNCTION = YES;
				GCC_WARN_UNUSED_VARIABLE = YES;
				IPHONEOS_DEPLOYMENT_TARGET = 15.2;
				MTL_ENABLE_DEBUG_INFO = NO;
				MTL_FAST_MATH = YES;
				SDKROOT = iphoneos;
				SWIFT_COMPILATION_MODE = wholemodule;
				SWIFT_OPTIMIZATION_LEVEL = "-O";
				VALIDATE_PRODUCT = YES;
			};
			name = Release;
		};
		3599151527C7DD34009CBEB0 /* Debug */ = {
			isa = XCBuildConfiguration;
			buildSettings = {
				ASSETCATALOG_COMPILER_APPICON_NAME = AppIcon;
				ASSETCATALOG_COMPILER_GLOBAL_ACCENT_COLOR_NAME = AccentColor;
				CODE_SIGN_STYLE = Automatic;
				CURRENT_PROJECT_VERSION = 1;
				GENERATE_INFOPLIST_FILE = YES;
				INFOPLIST_FILE = Manyam_DiceGame/Info.plist;
				INFOPLIST_KEY_CFBundleDisplayName = Manyam_DiceGame;
				INFOPLIST_KEY_UIApplicationSupportsIndirectInputEvents = YES;
				INFOPLIST_KEY_UILaunchStoryboardName = LaunchScreen;
				INFOPLIST_KEY_UIMainStoryboardFile = Main;
				INFOPLIST_KEY_UISupportedInterfaceOrientations_iPad = "UIInterfaceOrientationPortrait UIInterfaceOrientationPortraitUpsideDown UIInterfaceOrientationLandscapeLeft UIInterfaceOrientationLandscapeRight";
				INFOPLIST_KEY_UISupportedInterfaceOrientations_iPhone = "UIInterfaceOrientationPortrait UIInterfaceOrientationLandscapeLeft UIInterfaceOrientationLandscapeRight";
				LD_RUNPATH_SEARCH_PATHS = (
					"$(inherited)",
					"@executable_path/Frameworks",
				);
				MARKETING_VERSION = 1.0;
				PRODUCT_BUNDLE_IDENTIFIER = "NWMSU.Manyam-DiceGame";
				PRODUCT_NAME = "$(TARGET_NAME)";
				SWIFT_EMIT_LOC_STRINGS = YES;
				SWIFT_VERSION = 5.0;
				TARGETED_DEVICE_FAMILY = "1,2";
			};
			name = Debug;
		};
		3599151627C7DD34009CBEB0 /* Release */ = {
			isa = XCBuildConfiguration;
			buildSettings = {
				ASSETCATALOG_COMPILER_APPICON_NAME = AppIcon;
				ASSETCATALOG_COMPILER_GLOBAL_ACCENT_COLOR_NAME = AccentColor;
				CODE_SIGN_STYLE = Automatic;
				CURRENT_PROJECT_VERSION = 1;
				GENERATE_INFOPLIST_FILE = YES;
				INFOPLIST_FILE = Manyam_DiceGame/Info.plist;
				INFOPLIST_KEY_CFBundleDisplayName = Manyam_DiceGame;
				INFOPLIST_KEY_UIApplicationSupportsIndirectInputEvents = YES;
				INFOPLIST_KEY_UILaunchStoryboardName = LaunchScreen;
				INFOPLIST_KEY_UIMainStoryboardFile = Main;
				INFOPLIST_KEY_UISupportedInterfaceOrientations_iPad = "UIInterfaceOrientationPortrait UIInterfaceOrientationPortraitUpsideDown UIInterfaceOrientationLandscapeLeft UIInterfaceOrientationLandscapeRight";
				INFOPLIST_KEY_UISupportedInterfaceOrientations_iPhone = "UIInterfaceOrientationPortrait UIInterfaceOrientationLandscapeLeft UIInterfaceOrientationLandscapeRight";
				LD_RUNPATH_SEARCH_PATHS = (
					"$(inherited)",
					"@executable_path/Frameworks",
				);
				MARKETING_VERSION = 1.0;
				PRODUCT_BUNDLE_IDENTIFIER = "NWMSU.Manyam-DiceGame";
				PRODUCT_NAME = "$(TARGET_NAME)";
				SWIFT_EMIT_LOC_STRINGS = YES;
				SWIFT_VERSION = 5.0;
				TARGETED_DEVICE_FAMILY = "1,2";
			};
			name = Release;
		};
		3599151827C7DD34009CBEB0 /* Debug */ = {
			isa = XCBuildConfiguration;
			buildSettings = {
				ALWAYS_EMBED_SWIFT_STANDARD_LIBRARIES = YES;
				BUNDLE_LOADER = "$(TEST_HOST)";
				CODE_SIGN_STYLE = Automatic;
				CURRENT_PROJECT_VERSION = 1;
				GENERATE_INFOPLIST_FILE = YES;
				IPHONEOS_DEPLOYMENT_TARGET = 15.2;
				MARKETING_VERSION = 1.0;
				PRODUCT_BUNDLE_IDENTIFIER = "NWMSU.Manyam-DiceGameTests";
				PRODUCT_NAME = "$(TARGET_NAME)";
				SWIFT_EMIT_LOC_STRINGS = NO;
				SWIFT_VERSION = 5.0;
				TARGETED_DEVICE_FAMILY = "1,2";
				TEST_HOST = "$(BUILT_PRODUCTS_DIR)/Manyam_DiceGame.app/Manyam_DiceGame";
			};
			name = Debug;
		};
		3599151927C7DD34009CBEB0 /* Release */ = {
			isa = XCBuildConfiguration;
			buildSettings = {
				ALWAYS_EMBED_SWIFT_STANDARD_LIBRARIES = YES;
				BUNDLE_LOADER = "$(TEST_HOST)";
				CODE_SIGN_STYLE = Automatic;
				CURRENT_PROJECT_VERSION = 1;
				GENERATE_INFOPLIST_FILE = YES;
				IPHONEOS_DEPLOYMENT_TARGET = 15.2;
				MARKETING_VERSION = 1.0;
				PRODUCT_BUNDLE_IDENTIFIER = "NWMSU.Manyam-DiceGameTests";
				PRODUCT_NAME = "$(TARGET_NAME)";
				SWIFT_EMIT_LOC_STRINGS = NO;
				SWIFT_VERSION = 5.0;
				TARGETED_DEVICE_FAMILY = "1,2";
				TEST_HOST = "$(BUILT_PRODUCTS_DIR)/Manyam_DiceGame.app/Manyam_DiceGame";
			};
			name = Release;
		};
		3599151B27C7DD34009CBEB0 /* Debug */ = {
			isa = XCBuildConfiguration;
			buildSettings = {
				ALWAYS_EMBED_SWIFT_STANDARD_LIBRARIES = YES;
				CODE_SIGN_STYLE = Automatic;
				CURRENT_PROJECT_VERSION = 1;
				GENERATE_INFOPLIST_FILE = YES;
				MARKETING_VERSION = 1.0;
				PRODUCT_BUNDLE_IDENTIFIER = "NWMSU.Manyam-DiceGameUITests";
				PRODUCT_NAME = "$(TARGET_NAME)";
				SWIFT_EMIT_LOC_STRINGS = NO;
				SWIFT_VERSION = 5.0;
				TARGETED_DEVICE_FAMILY = "1,2";
				TEST_TARGET_NAME = Manyam_DiceGame;
			};
			name = Debug;
		};
		3599151C27C7DD34009CBEB0 /* Release */ = {
			isa = XCBuildConfiguration;
			buildSettings = {
				ALWAYS_EMBED_SWIFT_STANDARD_LIBRARIES = YES;
				CODE_SIGN_STYLE = Automatic;
				CURRENT_PROJECT_VERSION = 1;
				GENERATE_INFOPLIST_FILE = YES;
				MARKETING_VERSION = 1.0;
				PRODUCT_BUNDLE_IDENTIFIER = "NWMSU.Manyam-DiceGameUITests";
				PRODUCT_NAME = "$(TARGET_NAME)";
				SWIFT_EMIT_LOC_STRINGS = NO;
				SWIFT_VERSION = 5.0;
				TARGETED_DEVICE_FAMILY = "1,2";
				TEST_TARGET_NAME = Manyam_DiceGame;
			};
			name = Release;
		};
/* End XCBuildConfiguration section */

/* Begin XCConfigurationList section */
		359914E527C7DD33009CBEB0 /* Build configuration list for PBXProject "Manyam_DiceGame" */ = {
			isa = XCConfigurationList;
			buildConfigurations = (
				3599151227C7DD34009CBEB0 /* Debug */,
				3599151327C7DD34009CBEB0 /* Release */,
			);
			defaultConfigurationIsVisible = 0;
			defaultConfigurationName = Release;
		};
		3599151427C7DD34009CBEB0 /* Build configuration list for PBXNativeTarget "Manyam_DiceGame" */ = {
			isa = XCConfigurationList;
			buildConfigurations = (
				3599151527C7DD34009CBEB0 /* Debug */,
				3599151627C7DD34009CBEB0 /* Release */,
			);
			defaultConfigurationIsVisible = 0;
			defaultConfigurationName = Release;
		};
		3599151727C7DD34009CBEB0 /* Build configuration list for PBXNativeTarget "Manyam_DiceGameTests" */ = {
			isa = XCConfigurationList;
			buildConfigurations = (
				3599151827C7DD34009CBEB0 /* Debug */,
				3599151927C7DD34009CBEB0 /* Release */,
			);
			defaultConfigurationIsVisible = 0;
			defaultConfigurationName = Release;
		};
		3599151A27C7DD34009CBEB0 /* Build configuration list for PBXNativeTarget "Manyam_DiceGameUITests" */ = {
			isa = XCConfigurationList;
			buildConfigurations = (
				3599151B27C7DD34009CBEB0 /* Debug */,
				3599151C27C7DD34009CBEB0 /* Release */,
			);
			defaultConfigurationIsVisible = 0;
			defaultConfigurationName = Release;
		};
/* End XCConfigurationList section */
	};
	rootObject = 359914E227C7DD33009CBEB0 /* Project object */;
}
